
Microsoft Visual Studio Solution File, Format Version 12.00
# Visual Studio Version 16
VisualStudioVersion = 16.0.32510.428
MinimumVisualStudioVersion = 10.0.40219.1
Project("{FAE04EC0-301F-11D3-BF4B-00C04F79EFBC}") = "Deltarando Generator", "Deltarando Generator\Deltarando Generator.csproj", "{7E9ED9C6-12A4-491D-97A7-5103CA263C80}"
EndProject
Global
	GlobalSection(SolutionConfigurationPlatforms) = preSolution
		Debug|Any CPU = Debug|Any CPU
		Release|Any CPU = Release|Any CPU
	EndGlobalSection
	GlobalSection(ProjectConfigurationPlatforms) = postSolution
		{7E9ED9C6-12A4-491D-97A7-5103CA263C80}.Debug|Any CPU.ActiveCfg = Debug|Any CPU
		{7E9ED9C6-12A4-491D-97A7-5103CA263C80}.Debug|Any CPU.Build.0 = Debug|Any CPU
		{7E9ED9C6-12A4-491D-97A7-5103CA263C80}.Release|Any CPU.ActiveCfg = Release|Any CPU
		{7E9ED9C6-12A4-491D-97A7-5103CA263C80}.Release|Any CPU.Build.0 = Release|Any CPU
	EndGlobalSection
	GlobalSection(SolutionProperties) = preSolution
		HideSolutionNode = FALSE
	EndGlobalSection
	GlobalSection(ExtensibilityGlobals) = postSolution
		SolutionGuid = {0EF64CC5-B1C5-4A25-AB50-B95F431FD2A1}
	EndGlobalSection
EndGlobal
